<?xml version="1.0" encoding="UTF-8"?>
<CodeBlocks_project_file>
	<FileVersion major="1" minor="6"/>
	<Project>
		<Option title="ncurses"/>
		<Option makefile_is_custom="1"/>
		<Option compiler="gcc"/>
		<Option virtualFolders="CMake Files\;"/>
		<Build>
			<Target title="all">
				<Option working_dir="/home/danilo/Documents/own/c++/ncurses"/>
				<Option type="4"/>
				<MakeCommands>
					<Build command="/usr/bin/gmake -f &quot;/home/danilo/Documents/own/c++/ncurses/Makefile&quot;  VERBOSE=1 all"/>
					<CompileFile command="/usr/bin/gmake -f &quot;/home/danilo/Documents/own/c++/ncurses/Makefile&quot;  VERBOSE=1 &quot;$file&quot;"/>
					<Clean command="/usr/bin/gmake -f &quot;/home/danilo/Documents/own/c++/ncurses/Makefile&quot;  VERBOSE=1 clean"/>
					<DistClean command="/usr/bin/gmake -f &quot;/home/danilo/Documents/own/c++/ncurses/Makefile&quot;  VERBOSE=1 clean"/>
				</MakeCommands>
			</Target>
			<Target title="rebuild_cache">
				<Option working_dir="/home/danilo/Documents/own/c++/ncurses"/>
				<Option type="4"/>
				<MakeCommands>
					<Build command="/usr/bin/gmake -f &quot;/home/danilo/Documents/own/c++/ncurses/Makefile&quot;  VERBOSE=1 rebuild_cache"/>
					<CompileFile command="/usr/bin/gmake -f &quot;/home/danilo/Documents/own/c++/ncurses/Makefile&quot;  VERBOSE=1 &quot;$file&quot;"/>
					<Clean command="/usr/bin/gmake -f &quot;/home/danilo/Documents/own/c++/ncurses/Makefile&quot;  VERBOSE=1 clean"/>
					<DistClean command="/usr/bin/gmake -f &quot;/home/danilo/Documents/own/c++/ncurses/Makefile&quot;  VERBOSE=1 clean"/>
				</MakeCommands>
			</Target>
			<Target title="edit_cache">
				<Option working_dir="/home/danilo/Documents/own/c++/ncurses"/>
				<Option type="4"/>
				<MakeCommands>
					<Build command="/usr/bin/gmake -f &quot;/home/danilo/Documents/own/c++/ncurses/Makefile&quot;  VERBOSE=1 edit_cache"/>
					<CompileFile command="/usr/bin/gmake -f &quot;/home/danilo/Documents/own/c++/ncurses/Makefile&quot;  VERBOSE=1 &quot;$file&quot;"/>
					<Clean command="/usr/bin/gmake -f &quot;/home/danilo/Documents/own/c++/ncurses/Makefile&quot;  VERBOSE=1 clean"/>
					<DistClean command="/usr/bin/gmake -f &quot;/home/danilo/Documents/own/c++/ncurses/Makefile&quot;  VERBOSE=1 clean"/>
				</MakeCommands>
			</Target>
			<Target title="dice">
				<Option output="/home/danilo/Documents/own/c++/ncurses/bin/dice" prefix_auto="0" extension_auto="0"/>
				<Option working_dir="/home/danilo/Documents/own/c++/ncurses/bin"/>
				<Option object_output="./"/>
				<Option type="1"/>
				<Option compiler="gcc"/>
				<Compiler>
					<Add directory="/home/danilo/Documents/own/c++/ncurses/include"/>
				</Compiler>
				<MakeCommands>
					<Build command="/usr/bin/gmake -f &quot;/home/danilo/Documents/own/c++/ncurses/Makefile&quot;  VERBOSE=1 dice"/>
					<CompileFile command="/usr/bin/gmake -f &quot;/home/danilo/Documents/own/c++/ncurses/Makefile&quot;  VERBOSE=1 &quot;$file&quot;"/>
					<Clean command="/usr/bin/gmake -f &quot;/home/danilo/Documents/own/c++/ncurses/Makefile&quot;  VERBOSE=1 clean"/>
					<DistClean command="/usr/bin/gmake -f &quot;/home/danilo/Documents/own/c++/ncurses/Makefile&quot;  VERBOSE=1 clean"/>
				</MakeCommands>
			</Target>
			<Target title="dice/fast">
				<Option output="/home/danilo/Documents/own/c++/ncurses/bin/dice" prefix_auto="0" extension_auto="0"/>
				<Option working_dir="/home/danilo/Documents/own/c++/ncurses/bin"/>
				<Option object_output="./"/>
				<Option type="1"/>
				<Option compiler="gcc"/>
				<Compiler>
					<Add directory="/home/danilo/Documents/own/c++/ncurses/include"/>
				</Compiler>
				<MakeCommands>
					<Build command="/usr/bin/gmake -f &quot;/home/danilo/Documents/own/c++/ncurses/Makefile&quot;  VERBOSE=1 dice/fast"/>
					<CompileFile command="/usr/bin/gmake -f &quot;/home/danilo/Documents/own/c++/ncurses/Makefile&quot;  VERBOSE=1 &quot;$file&quot;"/>
					<Clean command="/usr/bin/gmake -f &quot;/home/danilo/Documents/own/c++/ncurses/Makefile&quot;  VERBOSE=1 clean"/>
					<DistClean command="/usr/bin/gmake -f &quot;/home/danilo/Documents/own/c++/ncurses/Makefile&quot;  VERBOSE=1 clean"/>
				</MakeCommands>
			</Target>
		</Build>
		<Unit filename="/home/danilo/Documents/own/c++/ncurses/include/DiceController.h">
			<Option target="dice"/>
		</Unit>
		<Unit filename="/home/danilo/Documents/own/c++/ncurses/include/DiceModel.h">
			<Option target="dice"/>
		</Unit>
		<Unit filename="/home/danilo/Documents/own/c++/ncurses/include/DiceRoll.h">
			<Option target="dice"/>
		</Unit>
		<Unit filename="/home/danilo/Documents/own/c++/ncurses/src/controller/DiceController.cpp">
			<Option target="dice"/>
		</Unit>
		<Unit filename="/home/danilo/Documents/own/c++/ncurses/src/model/DiceModel.cpp">
			<Option target="dice"/>
		</Unit>
		<Unit filename="/home/danilo/Documents/own/c++/ncurses/src/view/DiceView.cpp">
			<Option target="dice"/>
		</Unit>
		<Unit filename="/home/danilo/Documents/own/c++/ncurses/CMakeLists.txt">
			<Option virtualFolder="CMake Files\"/>
		</Unit>
	</Project>
</CodeBlocks_project_file>
